
Microsoft Visual Studio Solution File, Format Version 12.00
# Visual Studio 15
VisualStudioVersion = 15.0.26124.0
MinimumVisualStudioVersion = 15.0.26124.0
Project("{2150E333-8FDC-42A3-9474-1A3956D46DE8}") = "00. Common", "00. Common", "{BD3BFA54-C52E-4F7E-BFDB-7AE18D7B05A5}"
EndProject
Project("{2150E333-8FDC-42A3-9474-1A3956D46DE8}") = "01. Solution", "01. Solution", "{C1CADBF1-5F32-4F23-9E9A-9E65F1E50F8F}"
EndProject
Project("{2150E333-8FDC-42A3-9474-1A3956D46DE8}") = "01. Git", "01. Git", "{7AA430A1-DD2C-4D77-A796-DC0195650FA1}"
	ProjectSection(SolutionItems) = preProject
		.gitattributes = .gitattributes
		.gitignore = .gitignore
	EndProjectSection
EndProject
Project("{2150E333-8FDC-42A3-9474-1A3956D46DE8}") = "02. Coding Style", "02. Coding Style", "{57867B1A-DC50-4289-834F-180E336B1136}"
	ProjectSection(SolutionItems) = preProject
		.editorconfig = .editorconfig
	EndProjectSection
EndProject
Global
	GlobalSection(SolutionConfigurationPlatforms) = preSolution
		Debug|Any CPU = Debug|Any CPU
		Debug|x64 = Debug|x64
		Debug|x86 = Debug|x86
		Release|Any CPU = Release|Any CPU
		Release|x64 = Release|x64
		Release|x86 = Release|x86
	EndGlobalSection
	GlobalSection(SolutionProperties) = preSolution
		HideSolutionNode = FALSE
	EndGlobalSection
	GlobalSection(NestedProjects) = preSolution
		{7AA430A1-DD2C-4D77-A796-DC0195650FA1} = {BD3BFA54-C52E-4F7E-BFDB-7AE18D7B05A5}
		{57867B1A-DC50-4289-834F-180E336B1136} = {BD3BFA54-C52E-4F7E-BFDB-7AE18D7B05A5}
	EndGlobalSection
EndGlobal
